
Microsoft Visual Studio Solution File, Format Version 12.00
# Visual Studio Version 16
VisualStudioVersion = 16.0.30128.74
MinimumVisualStudioVersion = 10.0.40219.1
Project("{FAE04EC0-301F-11D3-BF4B-00C04F79EFBC}") = "Front-End-Team-Project", "Front-End-Team-Project\Front-End-Team-Project.csproj", "{CFD54B9B-4AA8-4039-9332-3191F561BD77}"
EndProject
Global
	GlobalSection(SolutionConfigurationPlatforms) = preSolution
		Debug|Any CPU = Debug|Any CPU
		Release|Any CPU = Release|Any CPU
	EndGlobalSection
	GlobalSection(ProjectConfigurationPlatforms) = postSolution
		{CFD54B9B-4AA8-4039-9332-3191F561BD77}.Debug|Any CPU.ActiveCfg = Debug|Any CPU
		{CFD54B9B-4AA8-4039-9332-3191F561BD77}.Debug|Any CPU.Build.0 = Debug|Any CPU
		{CFD54B9B-4AA8-4039-9332-3191F561BD77}.Release|Any CPU.ActiveCfg = Release|Any CPU
		{CFD54B9B-4AA8-4039-9332-3191F561BD77}.Release|Any CPU.Build.0 = Release|Any CPU
	EndGlobalSection
	GlobalSection(SolutionProperties) = preSolution
		HideSolutionNode = FALSE
	EndGlobalSection
	GlobalSection(ExtensibilityGlobals) = postSolution
		SolutionGuid = {9580F1A6-DF04-47FB-9EFA-EDAEC5A0815A}
	EndGlobalSection
EndGlobal
